
Microsoft Visual Studio Solution File, Format Version 12.00
# Visual Studio 15
VisualStudioVersion = 15.0.27130.2020
MinimumVisualStudioVersion = 10.0.40219.1
Project("{FAE04EC0-301F-11D3-BF4B-00C04F79EFBC}") = "DateDifferences", "DateDifferences\DateDifferences.csproj", "{7FE182C5-92A1-46DD-9DE1-3DB05A0B5B31}"
EndProject
Global
	GlobalSection(SolutionConfigurationPlatforms) = preSolution
		Debug|Any CPU = Debug|Any CPU
		Release|Any CPU = Release|Any CPU
	EndGlobalSection
	GlobalSection(ProjectConfigurationPlatforms) = postSolution
		{7FE182C5-92A1-46DD-9DE1-3DB05A0B5B31}.Debug|Any CPU.ActiveCfg = Debug|Any CPU
		{7FE182C5-92A1-46DD-9DE1-3DB05A0B5B31}.Debug|Any CPU.Build.0 = Debug|Any CPU
		{7FE182C5-92A1-46DD-9DE1-3DB05A0B5B31}.Release|Any CPU.ActiveCfg = Release|Any CPU
		{7FE182C5-92A1-46DD-9DE1-3DB05A0B5B31}.Release|Any CPU.Build.0 = Release|Any CPU
	EndGlobalSection
	GlobalSection(SolutionProperties) = preSolution
		HideSolutionNode = FALSE
	EndGlobalSection
	GlobalSection(ExtensibilityGlobals) = postSolution
		SolutionGuid = {6E94A8F7-2319-47C6-B376-8CB04FBF72B9}
	EndGlobalSection
EndGlobal
